
Microsoft Visual Studio Solution File, Format Version 12.00
# Visual Studio Version 16
VisualStudioVersion = 16.6.30114.105
MinimumVisualStudioVersion = 10.0.40219.1
Project("{FAE04EC0-301F-11D3-BF4B-00C04F79EFBC}") = "ConsoleApp", "ConsoleApp\ConsoleApp.csproj", "{97BE5448-8765-4F29-A8E1-C0628B78F8BA}"
EndProject
Project("{FAE04EC0-301F-11D3-BF4B-00C04F79EFBC}") = "ProcessData", "ProcessData\ProcessData.csproj", "{FBA46E2E-54FB-48F0-B9B3-5EA7A00E5F74}"
EndProject
Project("{FAE04EC0-301F-11D3-BF4B-00C04F79EFBC}") = "ProcessXml", "ProcessXml\ProcessXml.csproj", "{8A235FCE-5EDB-4F70-85B6-38C9F9D0BC14}"
EndProject
Project("{FAE04EC0-301F-11D3-BF4B-00C04F79EFBC}") = "TerminalGUIApp", "TerminalGUIApp\TerminalGUIApp.csproj", "{8D257DA7-D7B2-4CBD-B2D0-7B436203E5BF}"
EndProject
Project("{FAE04EC0-301F-11D3-BF4B-00C04F79EFBC}") = "GenerateData", "GenerateData\GenerateData.csproj", "{53B8E921-C11E-45EE-9AF7-7249E53A3ADE}"
EndProject
Global
	GlobalSection(SolutionConfigurationPlatforms) = preSolution
		Debug|Any CPU = Debug|Any CPU
		Debug|x64 = Debug|x64
		Debug|x86 = Debug|x86
		Release|Any CPU = Release|Any CPU
		Release|x64 = Release|x64
		Release|x86 = Release|x86
	EndGlobalSection
	GlobalSection(SolutionProperties) = preSolution
		HideSolutionNode = FALSE
	EndGlobalSection
	GlobalSection(ProjectConfigurationPlatforms) = postSolution
		{97BE5448-8765-4F29-A8E1-C0628B78F8BA}.Debug|Any CPU.ActiveCfg = Debug|Any CPU
		{97BE5448-8765-4F29-A8E1-C0628B78F8BA}.Debug|Any CPU.Build.0 = Debug|Any CPU
		{97BE5448-8765-4F29-A8E1-C0628B78F8BA}.Debug|x64.ActiveCfg = Debug|Any CPU
		{97BE5448-8765-4F29-A8E1-C0628B78F8BA}.Debug|x64.Build.0 = Debug|Any CPU
		{97BE5448-8765-4F29-A8E1-C0628B78F8BA}.Debug|x86.ActiveCfg = Debug|Any CPU
		{97BE5448-8765-4F29-A8E1-C0628B78F8BA}.Debug|x86.Build.0 = Debug|Any CPU
		{97BE5448-8765-4F29-A8E1-C0628B78F8BA}.Release|Any CPU.ActiveCfg = Release|Any CPU
		{97BE5448-8765-4F29-A8E1-C0628B78F8BA}.Release|Any CPU.Build.0 = Release|Any CPU
		{97BE5448-8765-4F29-A8E1-C0628B78F8BA}.Release|x64.ActiveCfg = Release|Any CPU
		{97BE5448-8765-4F29-A8E1-C0628B78F8BA}.Release|x64.Build.0 = Release|Any CPU
		{97BE5448-8765-4F29-A8E1-C0628B78F8BA}.Release|x86.ActiveCfg = Release|Any CPU
		{97BE5448-8765-4F29-A8E1-C0628B78F8BA}.Release|x86.Build.0 = Release|Any CPU
		{FBA46E2E-54FB-48F0-B9B3-5EA7A00E5F74}.Debug|Any CPU.ActiveCfg = Debug|Any CPU
		{FBA46E2E-54FB-48F0-B9B3-5EA7A00E5F74}.Debug|Any CPU.Build.0 = Debug|Any CPU
		{FBA46E2E-54FB-48F0-B9B3-5EA7A00E5F74}.Debug|x64.ActiveCfg = Debug|Any CPU
		{FBA46E2E-54FB-48F0-B9B3-5EA7A00E5F74}.Debug|x64.Build.0 = Debug|Any CPU
		{FBA46E2E-54FB-48F0-B9B3-5EA7A00E5F74}.Debug|x86.ActiveCfg = Debug|Any CPU
		{FBA46E2E-54FB-48F0-B9B3-5EA7A00E5F74}.Debug|x86.Build.0 = Debug|Any CPU
		{FBA46E2E-54FB-48F0-B9B3-5EA7A00E5F74}.Release|Any CPU.ActiveCfg = Release|Any CPU
		{FBA46E2E-54FB-48F0-B9B3-5EA7A00E5F74}.Release|Any CPU.Build.0 = Release|Any CPU
		{FBA46E2E-54FB-48F0-B9B3-5EA7A00E5F74}.Release|x64.ActiveCfg = Release|Any CPU
		{FBA46E2E-54FB-48F0-B9B3-5EA7A00E5F74}.Release|x64.Build.0 = Release|Any CPU
		{FBA46E2E-54FB-48F0-B9B3-5EA7A00E5F74}.Release|x86.ActiveCfg = Release|Any CPU
		{FBA46E2E-54FB-48F0-B9B3-5EA7A00E5F74}.Release|x86.Build.0 = Release|Any CPU
		{1BF88E9F-6F56-483E-A483-227E8E814DC2}.Debug|Any CPU.ActiveCfg = Debug|Any CPU
		{1BF88E9F-6F56-483E-A483-227E8E814DC2}.Debug|Any CPU.Build.0 = Debug|Any CPU
		{1BF88E9F-6F56-483E-A483-227E8E814DC2}.Debug|x64.ActiveCfg = Debug|Any CPU
		{1BF88E9F-6F56-483E-A483-227E8E814DC2}.Debug|x64.Build.0 = Debug|Any CPU
		{1BF88E9F-6F56-483E-A483-227E8E814DC2}.Debug|x86.ActiveCfg = Debug|Any CPU
		{1BF88E9F-6F56-483E-A483-227E8E814DC2}.Debug|x86.Build.0 = Debug|Any CPU
		{1BF88E9F-6F56-483E-A483-227E8E814DC2}.Release|Any CPU.ActiveCfg = Release|Any CPU
		{1BF88E9F-6F56-483E-A483-227E8E814DC2}.Release|Any CPU.Build.0 = Release|Any CPU
		{1BF88E9F-6F56-483E-A483-227E8E814DC2}.Release|x64.ActiveCfg = Release|Any CPU
		{1BF88E9F-6F56-483E-A483-227E8E814DC2}.Release|x64.Build.0 = Release|Any CPU
		{1BF88E9F-6F56-483E-A483-227E8E814DC2}.Release|x86.ActiveCfg = Release|Any CPU
		{1BF88E9F-6F56-483E-A483-227E8E814DC2}.Release|x86.Build.0 = Release|Any CPU
		{8A235FCE-5EDB-4F70-85B6-38C9F9D0BC14}.Debug|Any CPU.ActiveCfg = Debug|Any CPU
		{8A235FCE-5EDB-4F70-85B6-38C9F9D0BC14}.Debug|Any CPU.Build.0 = Debug|Any CPU
		{8A235FCE-5EDB-4F70-85B6-38C9F9D0BC14}.Debug|x64.ActiveCfg = Debug|Any CPU
		{8A235FCE-5EDB-4F70-85B6-38C9F9D0BC14}.Debug|x64.Build.0 = Debug|Any CPU
		{8A235FCE-5EDB-4F70-85B6-38C9F9D0BC14}.Debug|x86.ActiveCfg = Debug|Any CPU
		{8A235FCE-5EDB-4F70-85B6-38C9F9D0BC14}.Debug|x86.Build.0 = Debug|Any CPU
		{8A235FCE-5EDB-4F70-85B6-38C9F9D0BC14}.Release|Any CPU.ActiveCfg = Release|Any CPU
		{8A235FCE-5EDB-4F70-85B6-38C9F9D0BC14}.Release|Any CPU.Build.0 = Release|Any CPU
		{8A235FCE-5EDB-4F70-85B6-38C9F9D0BC14}.Release|x64.ActiveCfg = Release|Any CPU
		{8A235FCE-5EDB-4F70-85B6-38C9F9D0BC14}.Release|x64.Build.0 = Release|Any CPU
		{8A235FCE-5EDB-4F70-85B6-38C9F9D0BC14}.Release|x86.ActiveCfg = Release|Any CPU
		{8A235FCE-5EDB-4F70-85B6-38C9F9D0BC14}.Release|x86.Build.0 = Release|Any CPU
		{C2CE0005-2340-475E-85B8-C528E2FDC5BE}.Debug|Any CPU.ActiveCfg = Debug|Any CPU
		{C2CE0005-2340-475E-85B8-C528E2FDC5BE}.Debug|Any CPU.Build.0 = Debug|Any CPU
		{C2CE0005-2340-475E-85B8-C528E2FDC5BE}.Debug|x64.ActiveCfg = Debug|Any CPU
		{C2CE0005-2340-475E-85B8-C528E2FDC5BE}.Debug|x64.Build.0 = Debug|Any CPU
		{C2CE0005-2340-475E-85B8-C528E2FDC5BE}.Debug|x86.ActiveCfg = Debug|Any CPU
		{C2CE0005-2340-475E-85B8-C528E2FDC5BE}.Debug|x86.Build.0 = Debug|Any CPU
		{C2CE0005-2340-475E-85B8-C528E2FDC5BE}.Release|Any CPU.ActiveCfg = Release|Any CPU
		{C2CE0005-2340-475E-85B8-C528E2FDC5BE}.Release|Any CPU.Build.0 = Release|Any CPU
		{C2CE0005-2340-475E-85B8-C528E2FDC5BE}.Release|x64.ActiveCfg = Release|Any CPU
		{C2CE0005-2340-475E-85B8-C528E2FDC5BE}.Release|x64.Build.0 = Release|Any CPU
		{C2CE0005-2340-475E-85B8-C528E2FDC5BE}.Release|x86.ActiveCfg = Release|Any CPU
		{C2CE0005-2340-475E-85B8-C528E2FDC5BE}.Release|x86.Build.0 = Release|Any CPU
		{8D257DA7-D7B2-4CBD-B2D0-7B436203E5BF}.Debug|Any CPU.ActiveCfg = Debug|Any CPU
		{8D257DA7-D7B2-4CBD-B2D0-7B436203E5BF}.Debug|Any CPU.Build.0 = Debug|Any CPU
		{8D257DA7-D7B2-4CBD-B2D0-7B436203E5BF}.Debug|x64.ActiveCfg = Debug|Any CPU
		{8D257DA7-D7B2-4CBD-B2D0-7B436203E5BF}.Debug|x64.Build.0 = Debug|Any CPU
		{8D257DA7-D7B2-4CBD-B2D0-7B436203E5BF}.Debug|x86.ActiveCfg = Debug|Any CPU
		{8D257DA7-D7B2-4CBD-B2D0-7B436203E5BF}.Debug|x86.Build.0 = Debug|Any CPU
		{8D257DA7-D7B2-4CBD-B2D0-7B436203E5BF}.Release|Any CPU.ActiveCfg = Release|Any CPU
		{8D257DA7-D7B2-4CBD-B2D0-7B436203E5BF}.Release|Any CPU.Build.0 = Release|Any CPU
		{8D257DA7-D7B2-4CBD-B2D0-7B436203E5BF}.Release|x64.ActiveCfg = Release|Any CPU
		{8D257DA7-D7B2-4CBD-B2D0-7B436203E5BF}.Release|x64.Build.0 = Release|Any CPU
		{8D257DA7-D7B2-4CBD-B2D0-7B436203E5BF}.Release|x86.ActiveCfg = Release|Any CPU
		{8D257DA7-D7B2-4CBD-B2D0-7B436203E5BF}.Release|x86.Build.0 = Release|Any CPU
		{53B8E921-C11E-45EE-9AF7-7249E53A3ADE}.Debug|Any CPU.ActiveCfg = Debug|Any CPU
		{53B8E921-C11E-45EE-9AF7-7249E53A3ADE}.Debug|Any CPU.Build.0 = Debug|Any CPU
		{53B8E921-C11E-45EE-9AF7-7249E53A3ADE}.Debug|x64.ActiveCfg = Debug|Any CPU
		{53B8E921-C11E-45EE-9AF7-7249E53A3ADE}.Debug|x64.Build.0 = Debug|Any CPU
		{53B8E921-C11E-45EE-9AF7-7249E53A3ADE}.Debug|x86.ActiveCfg = Debug|Any CPU
		{53B8E921-C11E-45EE-9AF7-7249E53A3ADE}.Debug|x86.Build.0 = Debug|Any CPU
		{53B8E921-C11E-45EE-9AF7-7249E53A3ADE}.Release|Any CPU.ActiveCfg = Release|Any CPU
		{53B8E921-C11E-45EE-9AF7-7249E53A3ADE}.Release|Any CPU.Build.0 = Release|Any CPU
		{53B8E921-C11E-45EE-9AF7-7249E53A3ADE}.Release|x64.ActiveCfg = Release|Any CPU
		{53B8E921-C11E-45EE-9AF7-7249E53A3ADE}.Release|x64.Build.0 = Release|Any CPU
		{53B8E921-C11E-45EE-9AF7-7249E53A3ADE}.Release|x86.ActiveCfg = Release|Any CPU
		{53B8E921-C11E-45EE-9AF7-7249E53A3ADE}.Release|x86.Build.0 = Release|Any CPU
	EndGlobalSection
EndGlobal
